
Microsoft Visual Studio Solution File, Format Version 12.00
# Visual Studio Version 17
VisualStudioVersion = 17.11.35208.52
MinimumVisualStudioVersion = 10.0.40219.1
Project("{FAE04EC0-301F-11D3-BF4B-00C04F79EFBC}") = "task", "task\task.csproj", "{68DB4E31-EB1D-48B6-A115-C23D5491424E}"
EndProject
Global
	GlobalSection(SolutionConfigurationPlatforms) = preSolution
		Debug|Any CPU = Debug|Any CPU
		Release|Any CPU = Release|Any CPU
	EndGlobalSection
	GlobalSection(ProjectConfigurationPlatforms) = postSolution
		{68DB4E31-EB1D-48B6-A115-C23D5491424E}.Debug|Any CPU.ActiveCfg = Debug|Any CPU
		{68DB4E31-EB1D-48B6-A115-C23D5491424E}.Debug|Any CPU.Build.0 = Debug|Any CPU
		{68DB4E31-EB1D-48B6-A115-C23D5491424E}.Release|Any CPU.ActiveCfg = Release|Any CPU
		{68DB4E31-EB1D-48B6-A115-C23D5491424E}.Release|Any CPU.Build.0 = Release|Any CPU
	EndGlobalSection
	GlobalSection(SolutionProperties) = preSolution
		HideSolutionNode = FALSE
	EndGlobalSection
	GlobalSection(ExtensibilityGlobals) = postSolution
		SolutionGuid = {A88FFE68-1588-4E51-AF67-24DA83C7FEE6}
	EndGlobalSection
EndGlobal
